
Microsoft Visual Studio Solution File, Format Version 12.00
#
Project("{2150E333-8FDC-42A3-9474-1A3956D46DE8}") = "src", "src", "{F90D9DDF-627B-470B-A68E-7CD0A6856DDB}"
	ProjectSection(SolutionItems) = preProject
		src\appsettings.Development.json = src\appsettings.Development.json
	EndProjectSection
EndProject
Project("{FAE04EC0-301F-11D3-BF4B-00C04F79EFBC}") = "DeviceAPI", "src\DeviceAPI\DeviceAPI.csproj", "{1C9A2D2C-93F8-474D-892D-46C68234BF46}"
EndProject
Global
	GlobalSection(SolutionConfigurationPlatforms) = preSolution
		Debug|Any CPU = Debug|Any CPU
		Debug|x64 = Debug|x64
		Debug|x86 = Debug|x86
		Release|Any CPU = Release|Any CPU
		Release|x64 = Release|x64
		Release|x86 = Release|x86
	EndGlobalSection
	GlobalSection(ProjectConfigurationPlatforms) = postSolution
		{1C9A2D2C-93F8-474D-892D-46C68234BF46}.Debug|Any CPU.ActiveCfg = Debug|Any CPU
		{1C9A2D2C-93F8-474D-892D-46C68234BF46}.Debug|Any CPU.Build.0 = Debug|Any CPU
		{1C9A2D2C-93F8-474D-892D-46C68234BF46}.Debug|x64.ActiveCfg = Debug|Any CPU
		{1C9A2D2C-93F8-474D-892D-46C68234BF46}.Debug|x64.Build.0 = Debug|Any CPU
		{1C9A2D2C-93F8-474D-892D-46C68234BF46}.Debug|x86.ActiveCfg = Debug|Any CPU
		{1C9A2D2C-93F8-474D-892D-46C68234BF46}.Debug|x86.Build.0 = Debug|Any CPU
		{1C9A2D2C-93F8-474D-892D-46C68234BF46}.Release|Any CPU.ActiveCfg = Release|Any CPU
		{1C9A2D2C-93F8-474D-892D-46C68234BF46}.Release|Any CPU.Build.0 = Release|Any CPU
		{1C9A2D2C-93F8-474D-892D-46C68234BF46}.Release|x64.ActiveCfg = Release|Any CPU
		{1C9A2D2C-93F8-474D-892D-46C68234BF46}.Release|x64.Build.0 = Release|Any CPU
		{1C9A2D2C-93F8-474D-892D-46C68234BF46}.Release|x86.ActiveCfg = Release|Any CPU
		{1C9A2D2C-93F8-474D-892D-46C68234BF46}.Release|x86.Build.0 = Release|Any CPU
	EndGlobalSection
	GlobalSection(NestedProjects) = preSolution
		{1C9A2D2C-93F8-474D-892D-46C68234BF46} = {F90D9DDF-627B-470B-A68E-7CD0A6856DDB}
	EndGlobalSection
EndGlobal
